{
  "name": "online-compiler",
  "version": "1.0.0",
  "lockfileVersion": 2,
  "requires": true,
  "packages": {
    "": {
      "name": "online-compiler",
      "version": "1.0.0",
      "license": "ISC",
      "dependencies": {
        "@uiw/react-monacoeditor": "^3.5.3",
        "online-compiler": "file:",
        "react-simple-code-editor": "^0.11.0"
      }
    },
    "node_modules/@babel/runtime": {
      "version": "7.17.9",
      "resolved": "https://registry.npmjs.org/@babel/runtime/-/runtime-7.17.9.tgz",
      "integrity": "sha512-lSiBBvodq29uShpWGNbgFdKYNiFDo5/HIYsaCEY9ff4sb10x9jizo2+pRrSyF4jKZCXqgzuqBOQKbUm90gQwJg==",
      "dependencies": {
        "regenerator-runtime": "^0.13.4"
      },
      "engines": {
        "node": ">=6.9.0"
      }
    },
    "node_modules/@uiw/react-monacoeditor": {
      "version": "3.5.3",
      "resolved": "https://registry.npmjs.org/@uiw/react-monacoeditor/-/react-monacoeditor-3.5.3.tgz",
      "integrity": "sha512-L6CJYUytiUWKCAbq4ExiVP7Z5CAGmQRWoltjK9UJu78cDlii4VD3y+Bu9HdrOkSnfS5HrBoOU+4EDscgJXZI8A==",
      "dependencies": {
        "@babel/runtime": "^7.16.7",
        "monaco-editor": "^0.33.0"
      },
      "peerDependencies": {
        "react": ">=16.8.0",
        "react-dom": ">=16.8.0"
      }
    },
    "node_modules/js-tokens": {
      "version": "4.0.0",
      "resolved": "https://registry.npmjs.org/js-tokens/-/js-tokens-4.0.0.tgz",
      "integrity": "sha512-RdJUflcE3cUzKiMqQgsCu06FPu9UdIJO0beYbPhHN4k6apgJtifcoCtT9bcxOpYBtpD2kCM6Sbzg4CausW/PKQ==",
      "peer": true
    },
    "node_modules/loose-envify": {
      "version": "1.4.0",
      "resolved": "https://registry.npmjs.org/loose-envify/-/loose-envify-1.4.0.tgz",
      "integrity": "sha512-lyuxPGr/Wfhrlem2CL/UcnUc1zcqKAImBDzukY7Y5F/yQiNdko6+fRLevlw1HgMySw7f611UIY408EtxRSoK3Q==",
      "peer": true,
      "dependencies": {
        "js-tokens": "^3.0.0 || ^4.0.0"
      },
      "bin": {
        "loose-envify": "cli.js"
      }
    },
    "node_modules/monaco-editor": {
      "version": "0.33.0",
      "resolved": "https://registry.npmjs.org/monaco-editor/-/monaco-editor-0.33.0.tgz",
      "integrity": "sha512-VcRWPSLIUEgQJQIE0pVT8FcGBIgFoxz7jtqctE+IiCxWugD0DwgyQBcZBhdSrdMC84eumoqMZsGl2GTreOzwqw=="
    },
    "node_modules/object-assign": {
      "version": "4.1.1",
      "resolved": "https://registry.npmjs.org/object-assign/-/object-assign-4.1.1.tgz",
      "integrity": "sha1-IQmtx5ZYh8/AXLvUQsrIv7s2CGM=",
      "peer": true,
      "engines": {
        "node": ">=0.10.0"
      }
    },
    "node_modules/online-compiler": {
      "resolved": "",
      "link": true
    },
    "node_modules/prop-types": {
      "version": "15.8.1",
      "resolved": "https://registry.npmjs.org/prop-types/-/prop-types-15.8.1.tgz",
      "integrity": "sha512-oj87CgZICdulUohogVAR7AjlC0327U4el4L6eAvOqCeudMDVU0NThNaV+b9Df4dXgSP1gXMTnPdhfe/2qDH5cg==",
      "peer": true,
      "dependencies": {
        "loose-envify": "^1.4.0",
        "object-assign": "^4.1.1",
        "react-is": "^16.13.1"
      }
    },
    "node_modules/react": {
      "version": "16.14.0",
      "resolved": "https://registry.npmjs.org/react/-/react-16.14.0.tgz",
      "integrity": "sha512-0X2CImDkJGApiAlcf0ODKIneSwBPhqJawOa5wCtKbu7ZECrmS26NvtSILynQ66cgkT/RJ4LidJOc3bUESwmU8g==",
      "peer": true,
      "dependencies": {
        "loose-envify": "^1.1.0",
        "object-assign": "^4.1.1",
        "prop-types": "^15.6.2"
      },
      "engines": {
        "node": ">=0.10.0"
      }
    },
    "node_modules/react-dom": {
      "version": "16.14.0",
      "resolved": "https://registry.npmjs.org/react-dom/-/react-dom-16.14.0.tgz",
      "integrity": "sha512-1gCeQXDLoIqMgqD3IO2Ah9bnf0w9kzhwN5q4FGnHZ67hBm9yePzB5JJAIQCc8x3pFnNlwFq4RidZggNAAkzWWw==",
      "peer": true,
      "dependencies": {
        "loose-envify": "^1.1.0",
        "object-assign": "^4.1.1",
        "prop-types": "^15.6.2",
        "scheduler": "^0.19.1"
      },
      "peerDependencies": {
        "react": "^16.14.0"
      }
    },
    "node_modules/react-is": {
      "version": "16.13.1",
      "resolved": "https://registry.npmjs.org/react-is/-/react-is-16.13.1.tgz",
      "integrity": "sha512-24e6ynE2H+OKt4kqsOvNd8kBpV65zoxbA4BVsEOB3ARVWQki/DHzaUoC5KuON/BiccDaCCTZBuOcfZs70kR8bQ==",
      "peer": true
    },
    "node_modules/react-simple-code-editor": {
      "version": "0.11.0",
      "resolved": "https://registry.npmjs.org/react-simple-code-editor/-/react-simple-code-editor-0.11.0.tgz",
      "integrity": "sha512-xGfX7wAzspl113ocfKQAR8lWPhavGWHL3xSzNLeseDRHysT+jzRBi/ExdUqevSMos+7ZtdfeuBOXtgk9HTwsrw==",
      "peerDependencies": {
        "react": "^16.0.0",
        "react-dom": "^16.0.0"
      }
    },
    "node_modules/regenerator-runtime": {
      "version": "0.13.9",
      "resolved": "https://registry.npmjs.org/regenerator-runtime/-/regenerator-runtime-0.13.9.tgz",
      "integrity": "sha512-p3VT+cOEgxFsRRA9X4lkI1E+k2/CtnKtU4gcxyaCUreilL/vqI6CdZ3wxVUx3UOUg+gnUOQQcRI7BmSI656MYA=="
    },
    "node_modules/scheduler": {
      "version": "0.19.1",
      "resolved": "https://registry.npmjs.org/scheduler/-/scheduler-0.19.1.tgz",
      "integrity": "sha512-n/zwRWRYSUj0/3g/otKDRPMh6qv2SYMWNq85IEa8iZyAv8od9zDYpGSnpBEjNgcMNq6Scbu5KfIPxNF72R/2EA==",
      "peer": true,
      "dependencies": {
        "loose-envify": "^1.1.0",
        "object-assign": "^4.1.1"
      }
    }
  },
  "dependencies": {
    "@babel/runtime": {
      "version": "7.17.9",
      "resolved": "https://registry.npmjs.org/@babel/runtime/-/runtime-7.17.9.tgz",
      "integrity": "sha512-lSiBBvodq29uShpWGNbgFdKYNiFDo5/HIYsaCEY9ff4sb10x9jizo2+pRrSyF4jKZCXqgzuqBOQKbUm90gQwJg==",
      "requires": {
        "regenerator-runtime": "^0.13.4"
      }
    },
    "@uiw/react-monacoeditor": {
      "version": "3.5.3",
      "resolved": "https://registry.npmjs.org/@uiw/react-monacoeditor/-/react-monacoeditor-3.5.3.tgz",
      "integrity": "sha512-L6CJYUytiUWKCAbq4ExiVP7Z5CAGmQRWoltjK9UJu78cDlii4VD3y+Bu9HdrOkSnfS5HrBoOU+4EDscgJXZI8A==",
      "requires": {
        "@babel/runtime": "^7.16.7",
        "monaco-editor": "^0.33.0"
      }
    },
    "js-tokens": {
      "version": "4.0.0",
      "resolved": "https://registry.npmjs.org/js-tokens/-/js-tokens-4.0.0.tgz",
      "integrity": "sha512-RdJUflcE3cUzKiMqQgsCu06FPu9UdIJO0beYbPhHN4k6apgJtifcoCtT9bcxOpYBtpD2kCM6Sbzg4CausW/PKQ==",
      "peer": true
    },
    "loose-envify": {
      "version": "1.4.0",
      "resolved": "https://registry.npmjs.org/loose-envify/-/loose-envify-1.4.0.tgz",
      "integrity": "sha512-lyuxPGr/Wfhrlem2CL/UcnUc1zcqKAImBDzukY7Y5F/yQiNdko6+fRLevlw1HgMySw7f611UIY408EtxRSoK3Q==",
      "peer": true,
      "requires": {
        "js-tokens": "^3.0.0 || ^4.0.0"
      }
    },
    "monaco-editor": {
      "version": "0.33.0",
      "resolved": "https://registry.npmjs.org/monaco-editor/-/monaco-editor-0.33.0.tgz",
      "integrity": "sha512-VcRWPSLIUEgQJQIE0pVT8FcGBIgFoxz7jtqctE+IiCxWugD0DwgyQBcZBhdSrdMC84eumoqMZsGl2GTreOzwqw=="
    },
    "object-assign": {
      "version": "4.1.1",
      "resolved": "https://registry.npmjs.org/object-assign/-/object-assign-4.1.1.tgz",
      "integrity": "sha1-IQmtx5ZYh8/AXLvUQsrIv7s2CGM=",
      "peer": true
    },
    "online-compiler": {
      "version": "file:",
      "requires": {
        "@uiw/react-monacoeditor": "^3.5.3",
        "online-compiler": "file:",
        "react-simple-code-editor": "^0.11.0"
      },
      "dependencies": {
        "@babel/runtime": {
          "version": "7.17.9",
          "resolved": "https://registry.npmjs.org/@babel/runtime/-/runtime-7.17.9.tgz",
          "integrity": "sha512-lSiBBvodq29uShpWGNbgFdKYNiFDo5/HIYsaCEY9ff4sb10x9jizo2+pRrSyF4jKZCXqgzuqBOQKbUm90gQwJg==",
          "requires": {
            "regenerator-runtime": "^0.13.4"
          }
        },
        "@uiw/react-monacoeditor": {
          "version": "3.5.3",
          "resolved": "https://registry.npmjs.org/@uiw/react-monacoeditor/-/react-monacoeditor-3.5.3.tgz",
          "integrity": "sha512-L6CJYUytiUWKCAbq4ExiVP7Z5CAGmQRWoltjK9UJu78cDlii4VD3y+Bu9HdrOkSnfS5HrBoOU+4EDscgJXZI8A==",
          "requires": {
            "@babel/runtime": "^7.16.7",
            "monaco-editor": "^0.33.0"
          }
        },
        "js-tokens": {
          "version": "4.0.0",
          "resolved": "https://registry.npmjs.org/js-tokens/-/js-tokens-4.0.0.tgz",
          "integrity": "sha512-RdJUflcE3cUzKiMqQgsCu06FPu9UdIJO0beYbPhHN4k6apgJtifcoCtT9bcxOpYBtpD2kCM6Sbzg4CausW/PKQ==",
          "peer": true
        },
        "loose-envify": {
          "version": "1.4.0",
          "resolved": "https://registry.npmjs.org/loose-envify/-/loose-envify-1.4.0.tgz",
          "integrity": "sha512-lyuxPGr/Wfhrlem2CL/UcnUc1zcqKAImBDzukY7Y5F/yQiNdko6+fRLevlw1HgMySw7f611UIY408EtxRSoK3Q==",
          "peer": true,
          "requires": {
            "js-tokens": "^3.0.0 || ^4.0.0"
          }
        },
        "monaco-editor": {
          "version": "0.33.0",
          "resolved": "https://registry.npmjs.org/monaco-editor/-/monaco-editor-0.33.0.tgz",
          "integrity": "sha512-VcRWPSLIUEgQJQIE0pVT8FcGBIgFoxz7jtqctE+IiCxWugD0DwgyQBcZBhdSrdMC84eumoqMZsGl2GTreOzwqw=="
        },
        "object-assign": {
          "version": "4.1.1",
          "resolved": "https://registry.npmjs.org/object-assign/-/object-assign-4.1.1.tgz",
          "integrity": "sha1-IQmtx5ZYh8/AXLvUQsrIv7s2CGM=",
          "peer": true
        },
        "prop-types": {
          "version": "15.8.1",
          "resolved": "https://registry.npmjs.org/prop-types/-/prop-types-15.8.1.tgz",
          "integrity": "sha512-oj87CgZICdulUohogVAR7AjlC0327U4el4L6eAvOqCeudMDVU0NThNaV+b9Df4dXgSP1gXMTnPdhfe/2qDH5cg==",
          "peer": true,
          "requires": {
            "loose-envify": "^1.4.0",
            "object-assign": "^4.1.1",
            "react-is": "^16.13.1"
          }
        },
        "react": {
          "version": "16.14.0",
          "resolved": "https://registry.npmjs.org/react/-/react-16.14.0.tgz",
          "integrity": "sha512-0X2CImDkJGApiAlcf0ODKIneSwBPhqJawOa5wCtKbu7ZECrmS26NvtSILynQ66cgkT/RJ4LidJOc3bUESwmU8g==",
          "peer": true,
          "requires": {
            "loose-envify": "^1.1.0",
            "object-assign": "^4.1.1",
            "prop-types": "^15.6.2"
          }
        },
        "react-dom": {
          "version": "16.14.0",
          "resolved": "https://registry.npmjs.org/react-dom/-/react-dom-16.14.0.tgz",
          "integrity": "sha512-1gCeQXDLoIqMgqD3IO2Ah9bnf0w9kzhwN5q4FGnHZ67hBm9yePzB5JJAIQCc8x3pFnNlwFq4RidZggNAAkzWWw==",
          "peer": true,
          "requires": {
            "loose-envify": "^1.1.0",
            "object-assign": "^4.1.1",
            "prop-types": "^15.6.2",
            "scheduler": "^0.19.1"
          }
        },
        "react-is": {
          "version": "16.13.1",
          "resolved": "https://registry.npmjs.org/react-is/-/react-is-16.13.1.tgz",
          "integrity": "sha512-24e6ynE2H+OKt4kqsOvNd8kBpV65zoxbA4BVsEOB3ARVWQki/DHzaUoC5KuON/BiccDaCCTZBuOcfZs70kR8bQ==",
          "peer": true
        },
        "react-simple-code-editor": {
          "version": "0.11.0",
          "resolved": "https://registry.npmjs.org/react-simple-code-editor/-/react-simple-code-editor-0.11.0.tgz",
          "integrity": "sha512-xGfX7wAzspl113ocfKQAR8lWPhavGWHL3xSzNLeseDRHysT+jzRBi/ExdUqevSMos+7ZtdfeuBOXtgk9HTwsrw==",
          "requires": {}
        },
        "regenerator-runtime": {
          "version": "0.13.9",
          "resolved": "https://registry.npmjs.org/regenerator-runtime/-/regenerator-runtime-0.13.9.tgz",
          "integrity": "sha512-p3VT+cOEgxFsRRA9X4lkI1E+k2/CtnKtU4gcxyaCUreilL/vqI6CdZ3wxVUx3UOUg+gnUOQQcRI7BmSI656MYA=="
        },
        "scheduler": {
          "version": "0.19.1",
          "resolved": "https://registry.npmjs.org/scheduler/-/scheduler-0.19.1.tgz",
          "integrity": "sha512-n/zwRWRYSUj0/3g/otKDRPMh6qv2SYMWNq85IEa8iZyAv8od9zDYpGSnpBEjNgcMNq6Scbu5KfIPxNF72R/2EA==",
          "peer": true,
          "requires": {
            "loose-envify": "^1.1.0",
            "object-assign": "^4.1.1"
          }
        }
      }
    },
    "prop-types": {
      "version": "15.8.1",
      "resolved": "https://registry.npmjs.org/prop-types/-/prop-types-15.8.1.tgz",
      "integrity": "sha512-oj87CgZICdulUohogVAR7AjlC0327U4el4L6eAvOqCeudMDVU0NThNaV+b9Df4dXgSP1gXMTnPdhfe/2qDH5cg==",
      "peer": true,
      "requires": {
        "loose-envify": "^1.4.0",
        "object-assign": "^4.1.1",
        "react-is": "^16.13.1"
      }
    },
    "react": {
      "version": "16.14.0",
      "resolved": "https://registry.npmjs.org/react/-/react-16.14.0.tgz",
      "integrity": "sha512-0X2CImDkJGApiAlcf0ODKIneSwBPhqJawOa5wCtKbu7ZECrmS26NvtSILynQ66cgkT/RJ4LidJOc3bUESwmU8g==",
      "peer": true,
      "requires": {
        "loose-envify": "^1.1.0",
        "object-assign": "^4.1.1",
        "prop-types": "^15.6.2"
      }
    },
    "react-dom": {
      "version": "16.14.0",
      "resolved": "https://registry.npmjs.org/react-dom/-/react-dom-16.14.0.tgz",
      "integrity": "sha512-1gCeQXDLoIqMgqD3IO2Ah9bnf0w9kzhwN5q4FGnHZ67hBm9yePzB5JJAIQCc8x3pFnNlwFq4RidZggNAAkzWWw==",
      "peer": true,
      "requires": {
        "loose-envify": "^1.1.0",
        "object-assign": "^4.1.1",
        "prop-types": "^15.6.2",
        "scheduler": "^0.19.1"
      }
    },
    "react-is": {
      "version": "16.13.1",
      "resolved": "https://registry.npmjs.org/react-is/-/react-is-16.13.1.tgz",
      "integrity": "sha512-24e6ynE2H+OKt4kqsOvNd8kBpV65zoxbA4BVsEOB3ARVWQki/DHzaUoC5KuON/BiccDaCCTZBuOcfZs70kR8bQ==",
      "peer": true
    },
    "react-simple-code-editor": {
      "version": "0.11.0",
      "resolved": "https://registry.npmjs.org/react-simple-code-editor/-/react-simple-code-editor-0.11.0.tgz",
      "integrity": "sha512-xGfX7wAzspl113ocfKQAR8lWPhavGWHL3xSzNLeseDRHysT+jzRBi/ExdUqevSMos+7ZtdfeuBOXtgk9HTwsrw==",
      "requires": {}
    },
    "regenerator-runtime": {
      "version": "0.13.9",
      "resolved": "https://registry.npmjs.org/regenerator-runtime/-/regenerator-runtime-0.13.9.tgz",
      "integrity": "sha512-p3VT+cOEgxFsRRA9X4lkI1E+k2/CtnKtU4gcxyaCUreilL/vqI6CdZ3wxVUx3UOUg+gnUOQQcRI7BmSI656MYA=="
    },
    "scheduler": {
      "version": "0.19.1",
      "resolved": "https://registry.npmjs.org/scheduler/-/scheduler-0.19.1.tgz",
      "integrity": "sha512-n/zwRWRYSUj0/3g/otKDRPMh6qv2SYMWNq85IEa8iZyAv8od9zDYpGSnpBEjNgcMNq6Scbu5KfIPxNF72R/2EA==",
      "peer": true,
      "requires": {
        "loose-envify": "^1.1.0",
        "object-assign": "^4.1.1"
      }
    }
  }
}
